
Microsoft Visual Studio Solution File, Format Version 12.00
# Visual Studio Version 17
VisualStudioVersion = 17.3.32922.545
MinimumVisualStudioVersion = 10.0.40219.1
Project("{FAE04EC0-301F-11D3-BF4B-00C04F79EFBC}") = "Doubly_Linked_List", "Doubly_Linked_List\Doubly_Linked_List.csproj", "{A11B07B0-86A4-445C-9403-95C1C8ABF5CE}"
EndProject
Global
	GlobalSection(SolutionConfigurationPlatforms) = preSolution
		Debug|Any CPU = Debug|Any CPU
		Release|Any CPU = Release|Any CPU
	EndGlobalSection
	GlobalSection(ProjectConfigurationPlatforms) = postSolution
		{A11B07B0-86A4-445C-9403-95C1C8ABF5CE}.Debug|Any CPU.ActiveCfg = Debug|Any CPU
		{A11B07B0-86A4-445C-9403-95C1C8ABF5CE}.Debug|Any CPU.Build.0 = Debug|Any CPU
		{A11B07B0-86A4-445C-9403-95C1C8ABF5CE}.Release|Any CPU.ActiveCfg = Release|Any CPU
		{A11B07B0-86A4-445C-9403-95C1C8ABF5CE}.Release|Any CPU.Build.0 = Release|Any CPU
	EndGlobalSection
	GlobalSection(SolutionProperties) = preSolution
		HideSolutionNode = FALSE
	EndGlobalSection
	GlobalSection(ExtensibilityGlobals) = postSolution
		SolutionGuid = {ACA6D009-F1C2-45FF-912A-000C243335E9}
	EndGlobalSection
EndGlobal
